
Microsoft Visual Studio Solution File, Format Version 12.00
# Visual Studio Version 17
VisualStudioVersion = 17.0.31903.59
MinimumVisualStudioVersion = 10.0.40219.1
Project("{2150E333-8FDC-42A3-9474-1A3956D46DE8}") = "src", "src", "{0E4B9801-CA0B-4031-9426-32AAE6F608A1}"
EndProject
Project("{9A19103F-16F7-4668-BE54-9A1E7A4F7556}") = "ConsoleApp", "src\ConsoleApp\ConsoleApp.csproj", "{9F78F8C2-61A3-4C06-8144-C1BD85AA3FEA}"
EndProject
Project("{9A19103F-16F7-4668-BE54-9A1E7A4F7556}") = "ShapesLibrary", "src\ShapesLibrary\ShapesLibrary.csproj", "{35FE8AA0-9D22-4F79-BF56-DBA66A365B93}"
EndProject
Project("{2150E333-8FDC-42A3-9474-1A3956D46DE8}") = "tests", "tests", "{D57961AA-8B42-426A-A96B-9658F7ECC5EC}"
EndProject
Project("{9A19103F-16F7-4668-BE54-9A1E7A4F7556}") = "t1", "tests\t1\t1.csproj", "{F19306B4-ECE1-472B-ACF3-236C9D627B0A}"
EndProject
Project("{9A19103F-16F7-4668-BE54-9A1E7A4F7556}") = "t2", "tests\t2\t2.csproj", "{F9667510-F499-4600-B68D-49A76FD2A1EC}"
EndProject
Project("{9A19103F-16F7-4668-BE54-9A1E7A4F7556}") = "t3", "tests\t3\t3.csproj", "{0B624524-5400-4D5B-8B86-A28D8BDDC567}"
EndProject
Project("{9A19103F-16F7-4668-BE54-9A1E7A4F7556}") = "t4", "tests\t4\t4.csproj", "{8F432BF3-90E4-42F2-B316-DC08C3F5ADEF}"
EndProject
Project("{9A19103F-16F7-4668-BE54-9A1E7A4F7556}") = "t5", "tests\t5\t5.csproj", "{1ABB9172-EFDA-4D0E-8B2A-0663ACD3A17F}"
EndProject
Project("{2150E333-8FDC-42A3-9474-1A3956D46DE8}") = "Solution Items", "Solution Items", "{AB2942DD-BD82-4785-83BE-3B50F6FD8005}"
	ProjectSection(SolutionItems) = preProject
		README.md = README.md
	EndProjectSection
EndProject
Global
	GlobalSection(SolutionConfigurationPlatforms) = preSolution
		Debug|Any CPU = Debug|Any CPU
		Release|Any CPU = Release|Any CPU
	EndGlobalSection
	GlobalSection(ProjectConfigurationPlatforms) = postSolution
		{9F78F8C2-61A3-4C06-8144-C1BD85AA3FEA}.Debug|Any CPU.ActiveCfg = Debug|Any CPU
		{9F78F8C2-61A3-4C06-8144-C1BD85AA3FEA}.Debug|Any CPU.Build.0 = Debug|Any CPU
		{9F78F8C2-61A3-4C06-8144-C1BD85AA3FEA}.Release|Any CPU.ActiveCfg = Release|Any CPU
		{9F78F8C2-61A3-4C06-8144-C1BD85AA3FEA}.Release|Any CPU.Build.0 = Release|Any CPU
		{35FE8AA0-9D22-4F79-BF56-DBA66A365B93}.Debug|Any CPU.ActiveCfg = Debug|Any CPU
		{35FE8AA0-9D22-4F79-BF56-DBA66A365B93}.Debug|Any CPU.Build.0 = Debug|Any CPU
		{35FE8AA0-9D22-4F79-BF56-DBA66A365B93}.Release|Any CPU.ActiveCfg = Release|Any CPU
		{35FE8AA0-9D22-4F79-BF56-DBA66A365B93}.Release|Any CPU.Build.0 = Release|Any CPU
		{F19306B4-ECE1-472B-ACF3-236C9D627B0A}.Debug|Any CPU.ActiveCfg = Debug|Any CPU
		{F19306B4-ECE1-472B-ACF3-236C9D627B0A}.Debug|Any CPU.Build.0 = Debug|Any CPU
		{F19306B4-ECE1-472B-ACF3-236C9D627B0A}.Release|Any CPU.ActiveCfg = Release|Any CPU
		{F19306B4-ECE1-472B-ACF3-236C9D627B0A}.Release|Any CPU.Build.0 = Release|Any CPU
		{F9667510-F499-4600-B68D-49A76FD2A1EC}.Debug|Any CPU.ActiveCfg = Debug|Any CPU
		{F9667510-F499-4600-B68D-49A76FD2A1EC}.Debug|Any CPU.Build.0 = Debug|Any CPU
		{F9667510-F499-4600-B68D-49A76FD2A1EC}.Release|Any CPU.ActiveCfg = Release|Any CPU
		{F9667510-F499-4600-B68D-49A76FD2A1EC}.Release|Any CPU.Build.0 = Release|Any CPU
		{0B624524-5400-4D5B-8B86-A28D8BDDC567}.Debug|Any CPU.ActiveCfg = Debug|Any CPU
		{0B624524-5400-4D5B-8B86-A28D8BDDC567}.Debug|Any CPU.Build.0 = Debug|Any CPU
		{0B624524-5400-4D5B-8B86-A28D8BDDC567}.Release|Any CPU.ActiveCfg = Release|Any CPU
		{0B624524-5400-4D5B-8B86-A28D8BDDC567}.Release|Any CPU.Build.0 = Release|Any CPU
		{8F432BF3-90E4-42F2-B316-DC08C3F5ADEF}.Debug|Any CPU.ActiveCfg = Debug|Any CPU
		{8F432BF3-90E4-42F2-B316-DC08C3F5ADEF}.Debug|Any CPU.Build.0 = Debug|Any CPU
		{8F432BF3-90E4-42F2-B316-DC08C3F5ADEF}.Release|Any CPU.ActiveCfg = Release|Any CPU
		{8F432BF3-90E4-42F2-B316-DC08C3F5ADEF}.Release|Any CPU.Build.0 = Release|Any CPU
		{1ABB9172-EFDA-4D0E-8B2A-0663ACD3A17F}.Debug|Any CPU.ActiveCfg = Debug|Any CPU
		{1ABB9172-EFDA-4D0E-8B2A-0663ACD3A17F}.Debug|Any CPU.Build.0 = Debug|Any CPU
		{1ABB9172-EFDA-4D0E-8B2A-0663ACD3A17F}.Release|Any CPU.ActiveCfg = Release|Any CPU
		{1ABB9172-EFDA-4D0E-8B2A-0663ACD3A17F}.Release|Any CPU.Build.0 = Release|Any CPU
	EndGlobalSection
	GlobalSection(SolutionProperties) = preSolution
		HideSolutionNode = FALSE
	EndGlobalSection
	GlobalSection(NestedProjects) = preSolution
		{9F78F8C2-61A3-4C06-8144-C1BD85AA3FEA} = {0E4B9801-CA0B-4031-9426-32AAE6F608A1}
		{35FE8AA0-9D22-4F79-BF56-DBA66A365B93} = {0E4B9801-CA0B-4031-9426-32AAE6F608A1}
		{F19306B4-ECE1-472B-ACF3-236C9D627B0A} = {D57961AA-8B42-426A-A96B-9658F7ECC5EC}
		{F9667510-F499-4600-B68D-49A76FD2A1EC} = {D57961AA-8B42-426A-A96B-9658F7ECC5EC}
		{0B624524-5400-4D5B-8B86-A28D8BDDC567} = {D57961AA-8B42-426A-A96B-9658F7ECC5EC}
		{8F432BF3-90E4-42F2-B316-DC08C3F5ADEF} = {D57961AA-8B42-426A-A96B-9658F7ECC5EC}
		{1ABB9172-EFDA-4D0E-8B2A-0663ACD3A17F} = {D57961AA-8B42-426A-A96B-9658F7ECC5EC}
	EndGlobalSection
EndGlobal
