
Microsoft Visual Studio Solution File, Format Version 12.00
# Visual Studio Version 17
VisualStudioVersion = 17.0.31903.59
MinimumVisualStudioVersion = 10.0.40219.1
Project("{2150E333-8FDC-42A3-9474-1A3956D46DE8}") = "src", "src", "{4602B52A-4B72-42AF-8F4B-15166EC26FFC}"
EndProject
Project("{9A19103F-16F7-4668-BE54-9A1E7A4F7556}") = "ConsoleApp", "src\ConsoleApp\ConsoleApp.csproj", "{198A166E-FC26-4617-B651-76E9D377CBE2}"
EndProject
Project("{2150E333-8FDC-42A3-9474-1A3956D46DE8}") = "tests", "tests", "{A3690443-0329-4DD2-B062-6ACE2C5E7E28}"
EndProject
Project("{9A19103F-16F7-4668-BE54-9A1E7A4F7556}") = "t1", "tests\t1\t1.csproj", "{AF476B63-F250-4521-A719-3927FE44E8B4}"
EndProject
Project("{9A19103F-16F7-4668-BE54-9A1E7A4F7556}") = "t2", "tests\t2\t2.csproj", "{2DA133E3-F875-4F86-8AD4-D852D627C414}"
EndProject
Project("{9A19103F-16F7-4668-BE54-9A1E7A4F7556}") = "t3", "tests\t3\t3.csproj", "{9AD43889-C34A-47CE-9D38-D38D1F2A069B}"
EndProject
Project("{9A19103F-16F7-4668-BE54-9A1E7A4F7556}") = "t4", "tests\t4\t4.csproj", "{7930F464-D7CF-4E1A-92F4-BBD96BACF462}"
EndProject
Project("{9A19103F-16F7-4668-BE54-9A1E7A4F7556}") = "t5", "tests\t5\t5.csproj", "{CD1C5580-49F8-4381-8C75-848F2B8915C2}"
EndProject
Project("{2150E333-8FDC-42A3-9474-1A3956D46DE8}") = "Solution Items", "Solution Items", "{650835A9-BE03-4BD4-87C0-7E3E85AC49B3}"
	ProjectSection(SolutionItems) = preProject
		README.md = README.md
	EndProjectSection
EndProject
Global
	GlobalSection(SolutionConfigurationPlatforms) = preSolution
		Debug|Any CPU = Debug|Any CPU
		Release|Any CPU = Release|Any CPU
	EndGlobalSection
	GlobalSection(ProjectConfigurationPlatforms) = postSolution
		{198A166E-FC26-4617-B651-76E9D377CBE2}.Debug|Any CPU.ActiveCfg = Debug|Any CPU
		{198A166E-FC26-4617-B651-76E9D377CBE2}.Debug|Any CPU.Build.0 = Debug|Any CPU
		{198A166E-FC26-4617-B651-76E9D377CBE2}.Release|Any CPU.ActiveCfg = Release|Any CPU
		{198A166E-FC26-4617-B651-76E9D377CBE2}.Release|Any CPU.Build.0 = Release|Any CPU
		{AF476B63-F250-4521-A719-3927FE44E8B4}.Debug|Any CPU.ActiveCfg = Debug|Any CPU
		{AF476B63-F250-4521-A719-3927FE44E8B4}.Debug|Any CPU.Build.0 = Debug|Any CPU
		{AF476B63-F250-4521-A719-3927FE44E8B4}.Release|Any CPU.ActiveCfg = Release|Any CPU
		{AF476B63-F250-4521-A719-3927FE44E8B4}.Release|Any CPU.Build.0 = Release|Any CPU
		{2DA133E3-F875-4F86-8AD4-D852D627C414}.Debug|Any CPU.ActiveCfg = Debug|Any CPU
		{2DA133E3-F875-4F86-8AD4-D852D627C414}.Debug|Any CPU.Build.0 = Debug|Any CPU
		{2DA133E3-F875-4F86-8AD4-D852D627C414}.Release|Any CPU.ActiveCfg = Release|Any CPU
		{2DA133E3-F875-4F86-8AD4-D852D627C414}.Release|Any CPU.Build.0 = Release|Any CPU
		{9AD43889-C34A-47CE-9D38-D38D1F2A069B}.Debug|Any CPU.ActiveCfg = Debug|Any CPU
		{9AD43889-C34A-47CE-9D38-D38D1F2A069B}.Debug|Any CPU.Build.0 = Debug|Any CPU
		{9AD43889-C34A-47CE-9D38-D38D1F2A069B}.Release|Any CPU.ActiveCfg = Release|Any CPU
		{9AD43889-C34A-47CE-9D38-D38D1F2A069B}.Release|Any CPU.Build.0 = Release|Any CPU
		{7930F464-D7CF-4E1A-92F4-BBD96BACF462}.Debug|Any CPU.ActiveCfg = Debug|Any CPU
		{7930F464-D7CF-4E1A-92F4-BBD96BACF462}.Debug|Any CPU.Build.0 = Debug|Any CPU
		{7930F464-D7CF-4E1A-92F4-BBD96BACF462}.Release|Any CPU.ActiveCfg = Release|Any CPU
		{7930F464-D7CF-4E1A-92F4-BBD96BACF462}.Release|Any CPU.Build.0 = Release|Any CPU
		{CD1C5580-49F8-4381-8C75-848F2B8915C2}.Debug|Any CPU.ActiveCfg = Debug|Any CPU
		{CD1C5580-49F8-4381-8C75-848F2B8915C2}.Debug|Any CPU.Build.0 = Debug|Any CPU
		{CD1C5580-49F8-4381-8C75-848F2B8915C2}.Release|Any CPU.ActiveCfg = Release|Any CPU
		{CD1C5580-49F8-4381-8C75-848F2B8915C2}.Release|Any CPU.Build.0 = Release|Any CPU
	EndGlobalSection
	GlobalSection(SolutionProperties) = preSolution
		HideSolutionNode = FALSE
	EndGlobalSection
	GlobalSection(NestedProjects) = preSolution
		{198A166E-FC26-4617-B651-76E9D377CBE2} = {4602B52A-4B72-42AF-8F4B-15166EC26FFC}
		{AF476B63-F250-4521-A719-3927FE44E8B4} = {A3690443-0329-4DD2-B062-6ACE2C5E7E28}
		{2DA133E3-F875-4F86-8AD4-D852D627C414} = {A3690443-0329-4DD2-B062-6ACE2C5E7E28}
		{9AD43889-C34A-47CE-9D38-D38D1F2A069B} = {A3690443-0329-4DD2-B062-6ACE2C5E7E28}
		{7930F464-D7CF-4E1A-92F4-BBD96BACF462} = {A3690443-0329-4DD2-B062-6ACE2C5E7E28}
		{CD1C5580-49F8-4381-8C75-848F2B8915C2} = {A3690443-0329-4DD2-B062-6ACE2C5E7E28}
	EndGlobalSection
EndGlobal
